
Microsoft Visual Studio Solution File, Format Version 12.00
# Visual Studio Version 16
VisualStudioVersion = 16.0.30320.27
MinimumVisualStudioVersion = 10.0.40219.1
Project("{888888A0-9F3D-457C-B088-3A5042F75D52}") = "AlarmClock", "AlarmClock.pyproj", "{236B0B7A-CCFA-4ADD-9599-0F41C9D34B7E}"
EndProject
Global
	GlobalSection(SolutionConfigurationPlatforms) = preSolution
		Debug|Any CPU = Debug|Any CPU
		Release|Any CPU = Release|Any CPU
	EndGlobalSection
	GlobalSection(ProjectConfigurationPlatforms) = postSolution
		{236B0B7A-CCFA-4ADD-9599-0F41C9D34B7E}.Debug|Any CPU.ActiveCfg = Debug|Any CPU
		{236B0B7A-CCFA-4ADD-9599-0F41C9D34B7E}.Release|Any CPU.ActiveCfg = Release|Any CPU
	EndGlobalSection
	GlobalSection(SolutionProperties) = preSolution
		HideSolutionNode = FALSE
	EndGlobalSection
	GlobalSection(ExtensibilityGlobals) = postSolution
		SolutionGuid = {4F1C7026-D826-4D20-8912-7D6654898D06}
	EndGlobalSection
EndGlobal
